
Microsoft Visual Studio Solution File, Format Version 12.00
# Visual Studio Version 17
VisualStudioVersion = 17.1.32210.238
MinimumVisualStudioVersion = 10.0.40219.1
Project("{9A19103F-16F7-4668-BE54-9A1E7A4F7556}") = "WebApi", "WebApi\WebApi.csproj", "{F70CC1DC-3571-4BFB-B7F7-5277D07A3918}"
EndProject
Project("{9A19103F-16F7-4668-BE54-9A1E7A4F7556}") = "Logic", "Logic\Logic.csproj", "{DD6CEEA4-5D97-4961-AC59-54FFEFBF3D4F}"
EndProject
Project("{9A19103F-16F7-4668-BE54-9A1E7A4F7556}") = "Data", "Data\Data.csproj", "{4A7FF2F8-87CD-492A-93CE-96F697BD5DE7}"
EndProject
Project("{9A19103F-16F7-4668-BE54-9A1E7A4F7556}") = "CrossCuttingConcerns", "CrossCuttingConcerns\CrossCuttingConcerns.csproj", "{5CFD25F3-51A8-4297-BCCE-79EB9F479515}"
EndProject
Project("{9A19103F-16F7-4668-BE54-9A1E7A4F7556}") = "Test", "Test\Test.csproj", "{374FAC21-93E4-41B7-8FB5-0B896ABD28E5}"
EndProject
Project("{2150E333-8FDC-42A3-9474-1A3956D46DE8}") = "SqlFiles", "SqlFiles", "{B2F2A77C-7870-4333-83A9-020C8A739409}"
	ProjectSection(SolutionItems) = preProject
		Dish_AllIngredientsField.sql = Dish_AllIngredientsField.sql
	EndProjectSection
EndProject
Global
	GlobalSection(SolutionConfigurationPlatforms) = preSolution
		Debug|Any CPU = Debug|Any CPU
		Release|Any CPU = Release|Any CPU
	EndGlobalSection
	GlobalSection(ProjectConfigurationPlatforms) = postSolution
		{F70CC1DC-3571-4BFB-B7F7-5277D07A3918}.Debug|Any CPU.ActiveCfg = Debug|Any CPU
		{F70CC1DC-3571-4BFB-B7F7-5277D07A3918}.Debug|Any CPU.Build.0 = Debug|Any CPU
		{F70CC1DC-3571-4BFB-B7F7-5277D07A3918}.Release|Any CPU.ActiveCfg = Release|Any CPU
		{F70CC1DC-3571-4BFB-B7F7-5277D07A3918}.Release|Any CPU.Build.0 = Release|Any CPU
		{DD6CEEA4-5D97-4961-AC59-54FFEFBF3D4F}.Debug|Any CPU.ActiveCfg = Debug|Any CPU
		{DD6CEEA4-5D97-4961-AC59-54FFEFBF3D4F}.Debug|Any CPU.Build.0 = Debug|Any CPU
		{DD6CEEA4-5D97-4961-AC59-54FFEFBF3D4F}.Release|Any CPU.ActiveCfg = Release|Any CPU
		{DD6CEEA4-5D97-4961-AC59-54FFEFBF3D4F}.Release|Any CPU.Build.0 = Release|Any CPU
		{4A7FF2F8-87CD-492A-93CE-96F697BD5DE7}.Debug|Any CPU.ActiveCfg = Debug|Any CPU
		{4A7FF2F8-87CD-492A-93CE-96F697BD5DE7}.Debug|Any CPU.Build.0 = Debug|Any CPU
		{4A7FF2F8-87CD-492A-93CE-96F697BD5DE7}.Release|Any CPU.ActiveCfg = Release|Any CPU
		{4A7FF2F8-87CD-492A-93CE-96F697BD5DE7}.Release|Any CPU.Build.0 = Release|Any CPU
		{5CFD25F3-51A8-4297-BCCE-79EB9F479515}.Debug|Any CPU.ActiveCfg = Debug|Any CPU
		{5CFD25F3-51A8-4297-BCCE-79EB9F479515}.Debug|Any CPU.Build.0 = Debug|Any CPU
		{5CFD25F3-51A8-4297-BCCE-79EB9F479515}.Release|Any CPU.ActiveCfg = Release|Any CPU
		{5CFD25F3-51A8-4297-BCCE-79EB9F479515}.Release|Any CPU.Build.0 = Release|Any CPU
		{374FAC21-93E4-41B7-8FB5-0B896ABD28E5}.Debug|Any CPU.ActiveCfg = Debug|Any CPU
		{374FAC21-93E4-41B7-8FB5-0B896ABD28E5}.Debug|Any CPU.Build.0 = Debug|Any CPU
		{374FAC21-93E4-41B7-8FB5-0B896ABD28E5}.Release|Any CPU.ActiveCfg = Release|Any CPU
		{374FAC21-93E4-41B7-8FB5-0B896ABD28E5}.Release|Any CPU.Build.0 = Release|Any CPU
	EndGlobalSection
	GlobalSection(SolutionProperties) = preSolution
		HideSolutionNode = FALSE
	EndGlobalSection
	GlobalSection(ExtensibilityGlobals) = postSolution
		SolutionGuid = {58993B52-9D60-41A4-AAF2-D7713DC58E30}
	EndGlobalSection
EndGlobal
